
Microsoft Visual Studio Solution File, Format Version 12.00
# Visual Studio Version 17
VisualStudioVersion = 17.0.32014.148
MinimumVisualStudioVersion = 10.0.40219.1
Project("{FAE04EC0-301F-11D3-BF4B-00C04F79EFBC}") = "PropMan", "PropMan\PropMan.csproj", "{C24F85C1-8D83-464F-AE9D-1E97F16D83CE}"
EndProject
Project("{FAE04EC0-301F-11D3-BF4B-00C04F79EFBC}") = "PropMan.Test", "PropMan.Test\PropMan.Test.csproj", "{6C036BD8-8B3D-43EE-AA8E-4155376B1A17}"
EndProject
Global
	GlobalSection(SolutionConfigurationPlatforms) = preSolution
		Debug|Any CPU = Debug|Any CPU
		Debug|x86 = Debug|x86
		Release|Any CPU = Release|Any CPU
		Release|x86 = Release|x86
	EndGlobalSection
	GlobalSection(ProjectConfigurationPlatforms) = postSolution
		{C24F85C1-8D83-464F-AE9D-1E97F16D83CE}.Debug|Any CPU.ActiveCfg = Debug|Any CPU
		{C24F85C1-8D83-464F-AE9D-1E97F16D83CE}.Debug|Any CPU.Build.0 = Debug|Any CPU
		{C24F85C1-8D83-464F-AE9D-1E97F16D83CE}.Debug|x86.ActiveCfg = Debug|x86
		{C24F85C1-8D83-464F-AE9D-1E97F16D83CE}.Debug|x86.Build.0 = Debug|x86
		{C24F85C1-8D83-464F-AE9D-1E97F16D83CE}.Release|Any CPU.ActiveCfg = Release|Any CPU
		{C24F85C1-8D83-464F-AE9D-1E97F16D83CE}.Release|Any CPU.Build.0 = Release|Any CPU
		{C24F85C1-8D83-464F-AE9D-1E97F16D83CE}.Release|x86.ActiveCfg = Release|x86
		{C24F85C1-8D83-464F-AE9D-1E97F16D83CE}.Release|x86.Build.0 = Release|x86
		{6C036BD8-8B3D-43EE-AA8E-4155376B1A17}.Debug|Any CPU.ActiveCfg = Debug|Any CPU
		{6C036BD8-8B3D-43EE-AA8E-4155376B1A17}.Debug|Any CPU.Build.0 = Debug|Any CPU
		{6C036BD8-8B3D-43EE-AA8E-4155376B1A17}.Debug|x86.ActiveCfg = Debug|Any CPU
		{6C036BD8-8B3D-43EE-AA8E-4155376B1A17}.Debug|x86.Build.0 = Debug|Any CPU
		{6C036BD8-8B3D-43EE-AA8E-4155376B1A17}.Release|Any CPU.ActiveCfg = Release|Any CPU
		{6C036BD8-8B3D-43EE-AA8E-4155376B1A17}.Release|Any CPU.Build.0 = Release|Any CPU
		{6C036BD8-8B3D-43EE-AA8E-4155376B1A17}.Release|x86.ActiveCfg = Release|Any CPU
		{6C036BD8-8B3D-43EE-AA8E-4155376B1A17}.Release|x86.Build.0 = Release|Any CPU
	EndGlobalSection
	GlobalSection(SolutionProperties) = preSolution
		HideSolutionNode = FALSE
	EndGlobalSection
	GlobalSection(ExtensibilityGlobals) = postSolution
		SolutionGuid = {7A0074ED-5565-466A-AE27-C4DA84B36AA0}
	EndGlobalSection
EndGlobal
